
Microsoft Visual Studio Solution File, Format Version 12.00
# Visual Studio Version 16
VisualStudioVersion = 16.0.32602.291
MinimumVisualStudioVersion = 10.0.40219.1
Project("{FAE04EC0-301F-11D3-BF4B-00C04F79EFBC}") = "HttpRpc", "HttpRpc\HttpRpc.csproj", "{A3DF8D4F-F757-4AFD-9B8B-DB192755F9C2}"
EndProject
Project("{FAE04EC0-301F-11D3-BF4B-00C04F79EFBC}") = "Common", "Common\Common.csproj", "{0D9795A4-B005-4F0F-9467-573E9DA9AEAA}"
EndProject
Project("{FAE04EC0-301F-11D3-BF4B-00C04F79EFBC}") = "WebServer", "WebServer\WebServer.csproj", "{A584A9AC-DB7C-4CA6-9BB9-DA13BEEDD3B5}"
EndProject
Project("{FAE04EC0-301F-11D3-BF4B-00C04F79EFBC}") = "Model", "Model\Model.csproj", "{1CA8B09B-353D-4800-AB89-02CD25DE6B1E}"
EndProject
Project("{FAE04EC0-301F-11D3-BF4B-00C04F79EFBC}") = "WebApi", "WebApi\WebApi.csproj", "{DD6444D4-33BB-4E74-973E-369FA0A94240}"
EndProject
Project("{2150E333-8FDC-42A3-9474-1A3956D46DE8}") = "02 测试服务", "02 测试服务", "{82A3A3B3-1554-4594-8B82-8F05C2659D7B}"
EndProject
Project("{2150E333-8FDC-42A3-9474-1A3956D46DE8}") = "01 基础框架", "01 基础框架", "{25FA6143-456F-4FA5-9C7F-6FF563FD0ED1}"
EndProject
Project("{2150E333-8FDC-42A3-9474-1A3956D46DE8}") = "03 测试", "03 测试", "{9D89F57C-5682-49F4-9306-F657BC2C9C30}"
EndProject
Project("{9A19103F-16F7-4668-BE54-9A1E7A4F7556}") = "WebAPITest", "WebAPITest\WebAPITest.csproj", "{371876CA-2285-4921-AADD-D0B046711A1A}"
EndProject
Global
	GlobalSection(SolutionConfigurationPlatforms) = preSolution
		Debug|Any CPU = Debug|Any CPU
		Release|Any CPU = Release|Any CPU
	EndGlobalSection
	GlobalSection(ProjectConfigurationPlatforms) = postSolution
		{A3DF8D4F-F757-4AFD-9B8B-DB192755F9C2}.Debug|Any CPU.ActiveCfg = Debug|Any CPU
		{A3DF8D4F-F757-4AFD-9B8B-DB192755F9C2}.Debug|Any CPU.Build.0 = Debug|Any CPU
		{A3DF8D4F-F757-4AFD-9B8B-DB192755F9C2}.Release|Any CPU.ActiveCfg = Release|Any CPU
		{A3DF8D4F-F757-4AFD-9B8B-DB192755F9C2}.Release|Any CPU.Build.0 = Release|Any CPU
		{0D9795A4-B005-4F0F-9467-573E9DA9AEAA}.Debug|Any CPU.ActiveCfg = Debug|Any CPU
		{0D9795A4-B005-4F0F-9467-573E9DA9AEAA}.Debug|Any CPU.Build.0 = Debug|Any CPU
		{0D9795A4-B005-4F0F-9467-573E9DA9AEAA}.Release|Any CPU.ActiveCfg = Release|Any CPU
		{0D9795A4-B005-4F0F-9467-573E9DA9AEAA}.Release|Any CPU.Build.0 = Release|Any CPU
		{A584A9AC-DB7C-4CA6-9BB9-DA13BEEDD3B5}.Debug|Any CPU.ActiveCfg = Debug|Any CPU
		{A584A9AC-DB7C-4CA6-9BB9-DA13BEEDD3B5}.Debug|Any CPU.Build.0 = Debug|Any CPU
		{A584A9AC-DB7C-4CA6-9BB9-DA13BEEDD3B5}.Release|Any CPU.ActiveCfg = Release|Any CPU
		{A584A9AC-DB7C-4CA6-9BB9-DA13BEEDD3B5}.Release|Any CPU.Build.0 = Release|Any CPU
		{1CA8B09B-353D-4800-AB89-02CD25DE6B1E}.Debug|Any CPU.ActiveCfg = Debug|Any CPU
		{1CA8B09B-353D-4800-AB89-02CD25DE6B1E}.Debug|Any CPU.Build.0 = Debug|Any CPU
		{1CA8B09B-353D-4800-AB89-02CD25DE6B1E}.Release|Any CPU.ActiveCfg = Release|Any CPU
		{1CA8B09B-353D-4800-AB89-02CD25DE6B1E}.Release|Any CPU.Build.0 = Release|Any CPU
		{DD6444D4-33BB-4E74-973E-369FA0A94240}.Debug|Any CPU.ActiveCfg = Debug|Any CPU
		{DD6444D4-33BB-4E74-973E-369FA0A94240}.Debug|Any CPU.Build.0 = Debug|Any CPU
		{DD6444D4-33BB-4E74-973E-369FA0A94240}.Release|Any CPU.ActiveCfg = Release|Any CPU
		{DD6444D4-33BB-4E74-973E-369FA0A94240}.Release|Any CPU.Build.0 = Release|Any CPU
		{371876CA-2285-4921-AADD-D0B046711A1A}.Debug|Any CPU.ActiveCfg = Debug|Any CPU
		{371876CA-2285-4921-AADD-D0B046711A1A}.Debug|Any CPU.Build.0 = Debug|Any CPU
		{371876CA-2285-4921-AADD-D0B046711A1A}.Release|Any CPU.ActiveCfg = Release|Any CPU
		{371876CA-2285-4921-AADD-D0B046711A1A}.Release|Any CPU.Build.0 = Release|Any CPU
	EndGlobalSection
	GlobalSection(SolutionProperties) = preSolution
		HideSolutionNode = FALSE
	EndGlobalSection
	GlobalSection(NestedProjects) = preSolution
		{A3DF8D4F-F757-4AFD-9B8B-DB192755F9C2} = {25FA6143-456F-4FA5-9C7F-6FF563FD0ED1}
		{0D9795A4-B005-4F0F-9467-573E9DA9AEAA} = {25FA6143-456F-4FA5-9C7F-6FF563FD0ED1}
		{A584A9AC-DB7C-4CA6-9BB9-DA13BEEDD3B5} = {82A3A3B3-1554-4594-8B82-8F05C2659D7B}
		{1CA8B09B-353D-4800-AB89-02CD25DE6B1E} = {25FA6143-456F-4FA5-9C7F-6FF563FD0ED1}
		{DD6444D4-33BB-4E74-973E-369FA0A94240} = {82A3A3B3-1554-4594-8B82-8F05C2659D7B}
		{371876CA-2285-4921-AADD-D0B046711A1A} = {9D89F57C-5682-49F4-9306-F657BC2C9C30}
	EndGlobalSection
	GlobalSection(ExtensibilityGlobals) = postSolution
		SolutionGuid = {D3D24A00-61ED-452F-B51D-C28A33E30164}
	EndGlobalSection
EndGlobal
